	<Project xmlns="http://schemas.microsoft.com/developer/msbuild/2003">
		<PropertyGroup>
			<ProjectGuid>{045E7931-FBB5-478A-A1BB-71C5FE8B2A56}</ProjectGuid>
			<ProjectVersion>12.0</ProjectVersion>
			<MainSource>SIGE.dpr</MainSource>
			<Config Condition="'$(Config)'==''">Debug</Config>
			<DCC_DCCCompiler>DCC32</DCC_DCCCompiler>
		</PropertyGroup>
		<PropertyGroup Condition="'$(Config)'=='Base' or '$(Base)'!=''">
			<Base>true</Base>
		</PropertyGroup>
		<PropertyGroup Condition="'$(Config)'=='Release' or '$(Cfg_1)'!=''">
			<Cfg_1>true</Cfg_1>
			<CfgParent>Base</CfgParent>
			<Base>true</Base>
		</PropertyGroup>
		<PropertyGroup Condition="'$(Config)'=='Debug' or '$(Cfg_2)'!=''">
			<Cfg_2>true</Cfg_2>
			<CfgParent>Base</CfgParent>
			<Base>true</Base>
		</PropertyGroup>
		<PropertyGroup Condition="'$(Base)'!=''">
			<DCC_UnitSearchPath>$(BDS)\lib;$(BDSUSERDIR)\Imports;$(BDS)\Lib\Indy10;$(BDSCOMMONDIR)\Dcp;$(BDS)\include;$(BDS)\RaveReports\Lib;$(DCC_UnitSearchPath)</DCC_UnitSearchPath>
			<DCC_DependencyCheckOutputName>SIGE.exe</DCC_DependencyCheckOutputName>
			<DCC_ImageBase>00400000</DCC_ImageBase>
			<DCC_UnitAlias>WinTypes=Windows;WinProcs=Windows;DbiTypes=BDE;DbiProcs=BDE;DbiErrs=BDE;$(DCC_UnitAlias)</DCC_UnitAlias>
			<DCC_Platform>x86</DCC_Platform>
			<DCC_E>false</DCC_E>
			<DCC_N>false</DCC_N>
			<DCC_S>false</DCC_S>
			<DCC_F>false</DCC_F>
			<DCC_K>false</DCC_K>
		</PropertyGroup>
		<PropertyGroup Condition="'$(Cfg_1)'!=''">
			<DCC_LocalDebugSymbols>false</DCC_LocalDebugSymbols>
			<DCC_Define>RELEASE;$(DCC_Define)</DCC_Define>
			<DCC_SymbolReferenceInfo>0</DCC_SymbolReferenceInfo>
			<DCC_DebugInformation>false</DCC_DebugInformation>
		</PropertyGroup>
		<PropertyGroup Condition="'$(Cfg_2)'!=''">
			<DCC_Define>DEBUG;$(DCC_Define)</DCC_Define>
		</PropertyGroup>
		<ItemGroup>
			<DelphiCompile Include="SIGE.dpr">
				<MainSource>MainSource</MainSource>
			</DelphiCompile>
			<DCCReference Include="UPrincipal.pas">
				<Form>FrmPrincipal</Form>
			</DCCReference>
			<DCCReference Include="UCadContatos.pas">
				<Form>frmCadContatos</Form>
			</DCCReference>
			<DCCReference Include="UCadSetor.pas">
				<Form>frmCadSetor</Form>
			</DCCReference>
			<DCCReference Include="UCadEquipamento.pas">
				<Form>frmCadEquipamento</Form>
			</DCCReference>
			<DCCReference Include="UConsultaLigacoes.pas">
				<Form>frmConsultaLigacoes</Form>
			</DCCReference>
			<DCCReference Include="URetiradas.pas">
				<Form>frmRetiradas</Form>
			</DCCReference>
			<DCCReference Include="UConsultaUtiizador.pas">
				<Form>frmConsultaUtiizador</Form>
			</DCCReference>
			<DCCReference Include="UConsultaAgendamentos.pas">
				<Form>frmConsultaAgendamentos</Form>
			</DCCReference>
			<DCCReference Include="UAgendamentos.pas">
				<Form>frmAgendamentos</Form>
			</DCCReference>
			<DCCReference Include="ULigacoes.pas">
				<Form>frmLigacoes</Form>
			</DCCReference>
			<DCCReference Include="UConRetiradas.pas">
				<Form>frmConRetiradas</Form>
			</DCCReference>
			<DCCReference Include="USenha.pas">
				<Form>frmSenhas</Form>
			</DCCReference>
			<DCCReference Include="UTema.pas">
				<Form>frmTemas</Form>
			</DCCReference>
			<DCCReference Include="URelatLigacoes.pas">
				<Form>frmRelatLigacoes</Form>
			</DCCReference>
			<DCCReference Include="URelatContato.pas">
				<Form>frmRelatContato</Form>
			</DCCReference>
			<DCCReference Include="URelatAgendaXEquipamentos.pas">
				<Form>frmRelatAgendaXEquipamentos</Form>
			</DCCReference>
			<DCCReference Include="URelatorioRetiradasXUtilizador.pas">
				<Form>RelatorioRetiradasXUtilizador</Form>
			</DCCReference>
			<DCCReference Include="UBackup.pas">
				<Form>frmBackup</Form>
			</DCCReference>
			<DCCReference Include="UAgendarBackup.pas">
				<Form>frmAgendarBackup</Form>
			</DCCReference>
			<DCCReference Include="UAjuda.pas">
				<Form>frmAjuda</Form>
			</DCCReference>
			<DCCReference Include="USobre.pas">
				<Form>frmSobre</Form>
			</DCCReference>
			<DCCReference Include="UdmBD.pas">
				<Form>dmBD</Form>
				<DesignClass>TDataModule</DesignClass>
			</DCCReference>
			<DCCReference Include="UCadCargo.pas">
				<Form>frmCadCargo</Form>
			</DCCReference>
			<DCCReference Include="UGerarBackup.pas">
				<Form>frmGerarBackup</Form>
			</DCCReference>
			<DCCReference Include="URestaurarBackup.pas">
				<Form>frmRestaurarBackup</Form>
			</DCCReference>
			<DCCReference Include="UCadTipoEquip.pas">
				<Form>frmCadTipoEquip</Form>
			</DCCReference>
			<DCCReference Include="UCadMarca.pas">
				<Form>frmCadMarca</Form>
			</DCCReference>
			<DCCReference Include="UCadModelo.pas">
				<Form>frmCadModelo</Form>
			</DCCReference>
			<DCCReference Include="UCadCidade.pas">
				<Form>frmCadCidade</Form>
			</DCCReference>
			<DCCReference Include="UCadInstituicao.pas">
				<Form>frmCadInstituicao</Form>
			</DCCReference>
			<DCCReference Include="UCadUtilizador.pas">
				<Form>frmCadUtilizador</Form>
			</DCCReference>
			<DCCReference Include="UCadTipoMaterial.pas">
				<Form>frmCadTipoMaterial</Form>
			</DCCReference>
			<DCCReference Include="UCadMaterial.pas">
				<Form>frmCadMaterial</Form>
			</DCCReference>
			<DCCReference Include="UGetSenha.pas">
				<Form>frmGetSenha</Form>
			</DCCReference>
			<DCCReference Include="UEditarRetiradas.pas">
				<Form>frmEditarRetiradas</Form>
			</DCCReference>
			<DCCReference Include="UEditarAgendamento.pas">
				<Form>frmEditarAgendamento</Form>
			</DCCReference>
			<DCCReference Include="UEditarLigacoes.pas">
				<Form>frmEditarLigacoes</Form>
			</DCCReference>
			<DCCReference Include="URelatorioLigacoes.pas">
				<Form>frmRelatorioGeralLigacoes</Form>
			</DCCReference>
			<DCCReference Include="URelatAgendaXUtilizador.pas">
				<Form>frmRelatAgendaXUtilizador</Form>
			</DCCReference>
			<DCCReference Include="URelatXUsuario.pas">
				<Form>frmRelatAgendaXUsuario</Form>
			</DCCReference>
			<DCCReference Include="URelatorioGeralAgendamentos.pas">
				<Form>FrmRelatorioGeralAgendamentos</Form>
			</DCCReference>
			<DCCReference Include="URelatorioLigacoesXSolicitante.pas">
				<Form>frmRelatorioLigacoesXSolicitante</Form>
			</DCCReference>
			<DCCReference Include="URelatorioGeralRetiradas.pas">
				<Form>frmRelatorioGeralRetiradas</Form>
			</DCCReference>
			<DCCReference Include="URelatorioRetiradasXMaterial.pas">
				<Form>frmRelatorioRetiradasXMaterial</Form>
			</DCCReference>
			<BuildConfiguration Include="Base">
				<Key>Base</Key>
			</BuildConfiguration>
			<BuildConfiguration Include="Debug">
				<Key>Cfg_2</Key>
				<CfgParent>Base</CfgParent>
			</BuildConfiguration>
			<BuildConfiguration Include="Release">
				<Key>Cfg_1</Key>
				<CfgParent>Base</CfgParent>
			</BuildConfiguration>
		</ItemGroup>
		<Import Project="$(BDS)\Bin\CodeGear.Delphi.Targets" Condition="Exists('$(BDS)\Bin\CodeGear.Delphi.Targets')"/>
		<ProjectExtensions>
			<Borland.Personality>Delphi.Personality.12</Borland.Personality>
			<Borland.ProjectType/>
			<BorlandProject>
				<Delphi.Personality>
					<Source>
						<Source Name="MainSource">SIGE.dpr</Source>
					</Source>
					<Parameters>
						<Parameters Name="UseLauncher">False</Parameters>
						<Parameters Name="LoadAllSymbols">True</Parameters>
						<Parameters Name="LoadUnspecifiedSymbols">False</Parameters>
					</Parameters>
					<VersionInfo>
						<VersionInfo Name="IncludeVerInfo">False</VersionInfo>
						<VersionInfo Name="AutoIncBuild">False</VersionInfo>
						<VersionInfo Name="MajorVer">1</VersionInfo>
						<VersionInfo Name="MinorVer">0</VersionInfo>
						<VersionInfo Name="Release">0</VersionInfo>
						<VersionInfo Name="Build">0</VersionInfo>
						<VersionInfo Name="Debug">False</VersionInfo>
						<VersionInfo Name="PreRelease">False</VersionInfo>
						<VersionInfo Name="Special">False</VersionInfo>
						<VersionInfo Name="Private">False</VersionInfo>
						<VersionInfo Name="DLL">False</VersionInfo>
						<VersionInfo Name="Locale">1046</VersionInfo>
						<VersionInfo Name="CodePage">1252</VersionInfo>
					</VersionInfo>
					<VersionInfoKeys>
						<VersionInfoKeys Name="CompanyName"/>
						<VersionInfoKeys Name="FileDescription"/>
						<VersionInfoKeys Name="FileVersion">1.0.0.0</VersionInfoKeys>
						<VersionInfoKeys Name="InternalName"/>
						<VersionInfoKeys Name="LegalCopyright"/>
						<VersionInfoKeys Name="LegalTrademarks"/>
						<VersionInfoKeys Name="OriginalFilename"/>
						<VersionInfoKeys Name="ProductName"/>
						<VersionInfoKeys Name="ProductVersion">1.0.0.0</VersionInfoKeys>
						<VersionInfoKeys Name="Comments"/>
					</VersionInfoKeys>
				</Delphi.Personality>
			</BorlandProject>
			<ProjectFileVersion>12</ProjectFileVersion>
		</ProjectExtensions>
	</Project>
